{
  "version": 4,
  "terraform_version": "1.0.2",
  "serial": 171,
  "lineage": "393c436d-89cb-0b10-7f7c-60ee05e249fd",
  "outputs": {},
  "resources": [
    {
      "mode": "managed",
      "type": "azurerm_linux_virtual_machine",
      "name": "myVM1",
      "provider": "provider[\"registry.terraform.io/hashicorp/azurerm\"]",
      "instances": [
        {
          "index_key": 0,
          "schema_version": 0,
          "attributes": {
            "additional_capabilities": [],
            "admin_password": null,
            "admin_ssh_key": [
              {
                "public_key": "ssh-rsa AAAAB3NzaC1yc2EAAAADAQABAAABAQCxVhMm/Bpeg02BQY8hnU0NdhZGwQCZJGSmRLpxNkc4x0jdRfUUpk5702Z0EuacaOeeM/+5+LTtCHDYkEROC6EZtOK5I1bMFr43HkrY8mDS+THoU7osjhCBP8Kyj7DDa3MqXTDftH9ZODeUtOdXwnzUNO0UgvnJtw6wMN9j7hUZdDTysuw/5b8odlkJqYqr2mDh9G49qleZkuQmEwaNnsu51MmnGpfvrpyWQG5ZIA+4LobABQQSTYOne2fTIoj4602rL2RHXIbBoLns+OclXEwr/e/cdczuu18Fz9EF6bNlnCkcTQGNb1jDN+FEVLqqGGInx6GyFfSXbt5U2KKXkHk7 alfredo@cc-ead88f8a-55747ffbfd-28csf\n",
                "username": "ansible"
              }
            ],
            "admin_username": "ansible",
            "allow_extension_operations": true,
            "availability_set_id": "",
            "boot_diagnostics": [
              {
                "storage_account_uri": "https://staccountcp2agutierrc.blob.core.windows.net/"
              }
            ],
            "computer_name": "azure-vm-0",
            "custom_data": null,
            "dedicated_host_id": "",
            "disable_password_authentication": true,
            "encryption_at_host_enabled": false,
            "eviction_policy": "",
            "extensions_time_budget": "PT1H30M",
            "id": "/subscriptions/277d2dc0-5302-4b2e-8b19-d6ca15542447/resourceGroups/kubernetes_rg/providers/Microsoft.Compute/virtualMachines/azure-vm-0",
            "identity": [],
            "location": "westeurope",
            "max_bid_price": -1,
            "name": "azure-vm-0",
            "network_interface_ids": [
              "/subscriptions/277d2dc0-5302-4b2e-8b19-d6ca15542447/resourceGroups/kubernetes_rg/providers/Microsoft.Network/networkInterfaces/vmnic-slave0"
            ],
            "os_disk": [
              {
                "caching": "ReadWrite",
                "diff_disk_settings": [],
                "disk_encryption_set_id": "",
                "disk_size_gb": 30,
                "name": "azure-vm-0_OsDisk_1_7d32220048f34cb78fc286cf43ed4a50",
                "storage_account_type": "Standard_LRS",
                "write_accelerator_enabled": false
              }
            ],
            "plan": [
              {
                "name": "centos-8-stream-free",
                "product": "centos-8-stream-free",
                "publisher": "cognosys"
              }
            ],
            "priority": "Regular",
            "private_ip_address": "192.168.100.20",
            "private_ip_addresses": [
              "192.168.100.20"
            ],
            "provision_vm_agent": true,
            "proximity_placement_group_id": "",
            "public_ip_address": "",
            "public_ip_addresses": [],
            "resource_group_name": "kubernetes_rg",
            "secret": [],
            "size": "Standard_D1_v2",
            "source_image_id": "",
            "source_image_reference": [
              {
                "offer": "centos-8-stream-free",
                "publisher": "cognosys",
                "sku": "centos-8-stream-free",
                "version": "1.2019.0810"
              }
            ],
            "tags": {
              "environment": "CP2"
            },
            "timeouts": null,
            "virtual_machine_id": "89b964bb-c622-46e5-b8df-8027f33a762c",
            "virtual_machine_scale_set_id": "",
            "zone": ""
          },
          "sensitive_attributes": [],
          "private": "eyJlMmJmYjczMC1lY2FhLTExZTYtOGY4OC0zNDM2M2JjN2M0YzAiOnsiY3JlYXRlIjoyNzAwMDAwMDAwMDAwLCJkZWxldGUiOjI3MDAwMDAwMDAwMDAsInJlYWQiOjMwMDAwMDAwMDAwMCwidXBkYXRlIjoyNzAwMDAwMDAwMDAwfX0=",
          "dependencies": [
            "azurerm_network_interface.myNic1",
            "azurerm_resource_group.rg",
            "azurerm_storage_account.stAccount",
            "azurerm_subnet.mySubnet",
            "azurerm_virtual_network.myNet"
          ]
        },
        {
          "index_key": 1,
          "schema_version": 0,
          "attributes": {
            "additional_capabilities": [],
            "admin_password": null,
            "admin_ssh_key": [
              {
                "public_key": "ssh-rsa AAAAB3NzaC1yc2EAAAADAQABAAABAQCxVhMm/Bpeg02BQY8hnU0NdhZGwQCZJGSmRLpxNkc4x0jdRfUUpk5702Z0EuacaOeeM/+5+LTtCHDYkEROC6EZtOK5I1bMFr43HkrY8mDS+THoU7osjhCBP8Kyj7DDa3MqXTDftH9ZODeUtOdXwnzUNO0UgvnJtw6wMN9j7hUZdDTysuw/5b8odlkJqYqr2mDh9G49qleZkuQmEwaNnsu51MmnGpfvrpyWQG5ZIA+4LobABQQSTYOne2fTIoj4602rL2RHXIbBoLns+OclXEwr/e/cdczuu18Fz9EF6bNlnCkcTQGNb1jDN+FEVLqqGGInx6GyFfSXbt5U2KKXkHk7 alfredo@cc-ead88f8a-55747ffbfd-28csf\n",
                "username": "ansible"
              }
            ],
            "admin_username": "ansible",
            "allow_extension_operations": true,
            "availability_set_id": "",
            "boot_diagnostics": [
              {
                "storage_account_uri": "https://staccountcp2agutierrc.blob.core.windows.net/"
              }
            ],
            "computer_name": "azure-vm-1",
            "custom_data": null,
            "dedicated_host_id": "",
            "disable_password_authentication": true,
            "encryption_at_host_enabled": false,
            "eviction_policy": "",
            "extensions_time_budget": "PT1H30M",
            "id": "/subscriptions/277d2dc0-5302-4b2e-8b19-d6ca15542447/resourceGroups/kubernetes_rg/providers/Microsoft.Compute/virtualMachines/azure-vm-1",
            "identity": [],
            "location": "westeurope",
            "max_bid_price": -1,
            "name": "azure-vm-1",
            "network_interface_ids": [
              "/subscriptions/277d2dc0-5302-4b2e-8b19-d6ca15542447/resourceGroups/kubernetes_rg/providers/Microsoft.Network/networkInterfaces/vmnic-slave1"
            ],
            "os_disk": [
              {
                "caching": "ReadWrite",
                "diff_disk_settings": [],
                "disk_encryption_set_id": "",
                "disk_size_gb": 30,
                "name": "azure-vm-1_OsDisk_1_cde50883e31e49d0bdd298eefada3de5",
                "storage_account_type": "Standard_LRS",
                "write_accelerator_enabled": false
              }
            ],
            "plan": [
              {
                "name": "centos-8-stream-free",
                "product": "centos-8-stream-free",
                "publisher": "cognosys"
              }
            ],
            "priority": "Regular",
            "private_ip_address": "192.168.100.21",
            "private_ip_addresses": [
              "192.168.100.21"
            ],
            "provision_vm_agent": true,
            "proximity_placement_group_id": "",
            "public_ip_address": "",
            "public_ip_addresses": [],
            "resource_group_name": "kubernetes_rg",
            "secret": [],
            "size": "Standard_D1_v2",
            "source_image_id": "",
            "source_image_reference": [
              {
                "offer": "centos-8-stream-free",
                "publisher": "cognosys",
                "sku": "centos-8-stream-free",
                "version": "1.2019.0810"
              }
            ],
            "tags": {
              "environment": "CP2"
            },
            "timeouts": null,
            "virtual_machine_id": "d4118dd6-3109-4f6b-97f0-21643fd22bd2",
            "virtual_machine_scale_set_id": "",
            "zone": ""
          },
          "sensitive_attributes": [],
          "private": "eyJlMmJmYjczMC1lY2FhLTExZTYtOGY4OC0zNDM2M2JjN2M0YzAiOnsiY3JlYXRlIjoyNzAwMDAwMDAwMDAwLCJkZWxldGUiOjI3MDAwMDAwMDAwMDAsInJlYWQiOjMwMDAwMDAwMDAwMCwidXBkYXRlIjoyNzAwMDAwMDAwMDAwfX0=",
          "dependencies": [
            "azurerm_network_interface.myNic1",
            "azurerm_resource_group.rg",
            "azurerm_storage_account.stAccount",
            "azurerm_subnet.mySubnet",
            "azurerm_virtual_network.myNet"
          ]
        },
        {
          "index_key": 2,
          "schema_version": 0,
          "attributes": {
            "additional_capabilities": [],
            "admin_password": null,
            "admin_ssh_key": [
              {
                "public_key": "ssh-rsa AAAAB3NzaC1yc2EAAAADAQABAAABAQCxVhMm/Bpeg02BQY8hnU0NdhZGwQCZJGSmRLpxNkc4x0jdRfUUpk5702Z0EuacaOeeM/+5+LTtCHDYkEROC6EZtOK5I1bMFr43HkrY8mDS+THoU7osjhCBP8Kyj7DDa3MqXTDftH9ZODeUtOdXwnzUNO0UgvnJtw6wMN9j7hUZdDTysuw/5b8odlkJqYqr2mDh9G49qleZkuQmEwaNnsu51MmnGpfvrpyWQG5ZIA+4LobABQQSTYOne2fTIoj4602rL2RHXIbBoLns+OclXEwr/e/cdczuu18Fz9EF6bNlnCkcTQGNb1jDN+FEVLqqGGInx6GyFfSXbt5U2KKXkHk7 alfredo@cc-ead88f8a-55747ffbfd-28csf\n",
                "username": "ansible"
              }
            ],
            "admin_username": "ansible",
            "allow_extension_operations": true,
            "availability_set_id": "",
            "boot_diagnostics": [
              {
                "storage_account_uri": "https://staccountcp2agutierrc.blob.core.windows.net/"
              }
            ],
            "computer_name": "azure-vm-2",
            "custom_data": null,
            "dedicated_host_id": "",
            "disable_password_authentication": true,
            "encryption_at_host_enabled": false,
            "eviction_policy": "",
            "extensions_time_budget": "PT1H30M",
            "id": "/subscriptions/277d2dc0-5302-4b2e-8b19-d6ca15542447/resourceGroups/kubernetes_rg/providers/Microsoft.Compute/virtualMachines/azure-vm-2",
            "identity": [],
            "location": "westeurope",
            "max_bid_price": -1,
            "name": "azure-vm-2",
            "network_interface_ids": [
              "/subscriptions/277d2dc0-5302-4b2e-8b19-d6ca15542447/resourceGroups/kubernetes_rg/providers/Microsoft.Network/networkInterfaces/vmnic-slave2"
            ],
            "os_disk": [
              {
                "caching": "ReadWrite",
                "diff_disk_settings": [],
                "disk_encryption_set_id": "",
                "disk_size_gb": 30,
                "name": "azure-vm-2_OsDisk_1_fab146fdf4514ae586797bb74790d7e5",
                "storage_account_type": "Standard_LRS",
                "write_accelerator_enabled": false
              }
            ],
            "plan": [
              {
                "name": "centos-8-stream-free",
                "product": "centos-8-stream-free",
                "publisher": "cognosys"
              }
            ],
            "priority": "Regular",
            "private_ip_address": "192.168.100.22",
            "private_ip_addresses": [
              "192.168.100.22"
            ],
            "provision_vm_agent": true,
            "proximity_placement_group_id": "",
            "public_ip_address": "",
            "public_ip_addresses": [],
            "resource_group_name": "kubernetes_rg",
            "secret": [],
            "size": "Standard_D1_v2",
            "source_image_id": "",
            "source_image_reference": [
              {
                "offer": "centos-8-stream-free",
                "publisher": "cognosys",
                "sku": "centos-8-stream-free",
                "version": "1.2019.0810"
              }
            ],
            "tags": {
              "environment": "CP2"
            },
            "timeouts": null,
            "virtual_machine_id": "6e8192d7-69ee-4956-9d8b-aeee64a5c406",
            "virtual_machine_scale_set_id": "",
            "zone": ""
          },
          "sensitive_attributes": [],
          "private": "eyJlMmJmYjczMC1lY2FhLTExZTYtOGY4OC0zNDM2M2JjN2M0YzAiOnsiY3JlYXRlIjoyNzAwMDAwMDAwMDAwLCJkZWxldGUiOjI3MDAwMDAwMDAwMDAsInJlYWQiOjMwMDAwMDAwMDAwMCwidXBkYXRlIjoyNzAwMDAwMDAwMDAwfX0=",
          "dependencies": [
            "azurerm_network_interface.myNic1",
            "azurerm_resource_group.rg",
            "azurerm_storage_account.stAccount",
            "azurerm_subnet.mySubnet",
            "azurerm_virtual_network.myNet"
          ]
        },
        {
          "index_key": 3,
          "schema_version": 0,
          "attributes": {
            "additional_capabilities": [],
            "admin_password": null,
            "admin_ssh_key": [
              {
                "public_key": "ssh-rsa AAAAB3NzaC1yc2EAAAADAQABAAABAQCxVhMm/Bpeg02BQY8hnU0NdhZGwQCZJGSmRLpxNkc4x0jdRfUUpk5702Z0EuacaOeeM/+5+LTtCHDYkEROC6EZtOK5I1bMFr43HkrY8mDS+THoU7osjhCBP8Kyj7DDa3MqXTDftH9ZODeUtOdXwnzUNO0UgvnJtw6wMN9j7hUZdDTysuw/5b8odlkJqYqr2mDh9G49qleZkuQmEwaNnsu51MmnGpfvrpyWQG5ZIA+4LobABQQSTYOne2fTIoj4602rL2RHXIbBoLns+OclXEwr/e/cdczuu18Fz9EF6bNlnCkcTQGNb1jDN+FEVLqqGGInx6GyFfSXbt5U2KKXkHk7 alfredo@cc-ead88f8a-55747ffbfd-28csf\n",
                "username": "ansible"
              }
            ],
            "admin_username": "ansible",
            "allow_extension_operations": true,
            "availability_set_id": "",
            "boot_diagnostics": [
              {
                "storage_account_uri": "https://staccountcp2agutierrc.blob.core.windows.net/"
              }
            ],
            "computer_name": "azure-vm-3",
            "custom_data": null,
            "dedicated_host_id": "",
            "disable_password_authentication": true,
            "encryption_at_host_enabled": false,
            "eviction_policy": "",
            "extensions_time_budget": "PT1H30M",
            "id": "/subscriptions/277d2dc0-5302-4b2e-8b19-d6ca15542447/resourceGroups/kubernetes_rg/providers/Microsoft.Compute/virtualMachines/azure-vm-3",
            "identity": [],
            "location": "westeurope",
            "max_bid_price": -1,
            "name": "azure-vm-3",
            "network_interface_ids": [
              "/subscriptions/277d2dc0-5302-4b2e-8b19-d6ca15542447/resourceGroups/kubernetes_rg/providers/Microsoft.Network/networkInterfaces/vmnic-slave3"
            ],
            "os_disk": [
              {
                "caching": "ReadWrite",
                "diff_disk_settings": [],
                "disk_encryption_set_id": "",
                "disk_size_gb": 30,
                "name": "azure-vm-3_OsDisk_1_abef069667a94edaacdb87f55ab5faad",
                "storage_account_type": "Standard_LRS",
                "write_accelerator_enabled": false
              }
            ],
            "plan": [
              {
                "name": "centos-8-stream-free",
                "product": "centos-8-stream-free",
                "publisher": "cognosys"
              }
            ],
            "priority": "Regular",
            "private_ip_address": "192.168.100.23",
            "private_ip_addresses": [
              "192.168.100.23"
            ],
            "provision_vm_agent": true,
            "proximity_placement_group_id": "",
            "public_ip_address": "",
            "public_ip_addresses": [],
            "resource_group_name": "kubernetes_rg",
            "secret": [],
            "size": "Standard_D1_v2",
            "source_image_id": "",
            "source_image_reference": [
              {
                "offer": "centos-8-stream-free",
                "publisher": "cognosys",
                "sku": "centos-8-stream-free",
                "version": "1.2019.0810"
              }
            ],
            "tags": {
              "environment": "CP2"
            },
            "timeouts": null,
            "virtual_machine_id": "037231c8-3c30-4e26-90a9-4c901f701ac0",
            "virtual_machine_scale_set_id": "",
            "zone": ""
          },
          "sensitive_attributes": [],
          "private": "eyJlMmJmYjczMC1lY2FhLTExZTYtOGY4OC0zNDM2M2JjN2M0YzAiOnsiY3JlYXRlIjoyNzAwMDAwMDAwMDAwLCJkZWxldGUiOjI3MDAwMDAwMDAwMDAsInJlYWQiOjMwMDAwMDAwMDAwMCwidXBkYXRlIjoyNzAwMDAwMDAwMDAwfX0=",
          "dependencies": [
            "azurerm_network_interface.myNic1",
            "azurerm_resource_group.rg",
            "azurerm_storage_account.stAccount",
            "azurerm_subnet.mySubnet",
            "azurerm_virtual_network.myNet"
          ]
        }
      ]
    },
    {
      "mode": "managed",
      "type": "azurerm_network_interface",
      "name": "myNic1",
      "provider": "provider[\"registry.terraform.io/hashicorp/azurerm\"]",
      "instances": [
        {
          "index_key": 0,
          "schema_version": 0,
          "attributes": {
            "applied_dns_servers": [],
            "dns_servers": [],
            "enable_accelerated_networking": false,
            "enable_ip_forwarding": false,
            "id": "/subscriptions/277d2dc0-5302-4b2e-8b19-d6ca15542447/resourceGroups/kubernetes_rg/providers/Microsoft.Network/networkInterfaces/vmnic-slave0",
            "internal_dns_name_label": "",
            "internal_domain_name_suffix": "wc3dkahtgu5upb1mraipfo3ykc.ax.internal.cloudapp.net",
            "ip_configuration": [
              {
                "name": "myipconfig-slave0",
                "primary": true,
                "private_ip_address": "192.168.100.20",
                "private_ip_address_allocation": "Static",
                "private_ip_address_version": "IPv4",
                "public_ip_address_id": "",
                "subnet_id": "/subscriptions/277d2dc0-5302-4b2e-8b19-d6ca15542447/resourceGroups/kubernetes_rg/providers/Microsoft.Network/virtualNetworks/kubernetesnet/subnets/terraformsubnet"
              }
            ],
            "location": "westeurope",
            "mac_address": "",
            "name": "vmnic-slave0",
            "private_ip_address": "192.168.100.20",
            "private_ip_addresses": [
              "192.168.100.20"
            ],
            "resource_group_name": "kubernetes_rg",
            "tags": {
              "environment": "CP2"
            },
            "timeouts": null,
            "virtual_machine_id": ""
          },
          "sensitive_attributes": [],
          "private": "eyJlMmJmYjczMC1lY2FhLTExZTYtOGY4OC0zNDM2M2JjN2M0YzAiOnsiY3JlYXRlIjoxODAwMDAwMDAwMDAwLCJkZWxldGUiOjE4MDAwMDAwMDAwMDAsInJlYWQiOjMwMDAwMDAwMDAwMCwidXBkYXRlIjoxODAwMDAwMDAwMDAwfX0=",
          "dependencies": [
            "azurerm_resource_group.rg",
            "azurerm_subnet.mySubnet",
            "azurerm_virtual_network.myNet"
          ]
        },
        {
          "index_key": 1,
          "schema_version": 0,
          "attributes": {
            "applied_dns_servers": [],
            "dns_servers": [],
            "enable_accelerated_networking": false,
            "enable_ip_forwarding": false,
            "id": "/subscriptions/277d2dc0-5302-4b2e-8b19-d6ca15542447/resourceGroups/kubernetes_rg/providers/Microsoft.Network/networkInterfaces/vmnic-slave1",
            "internal_dns_name_label": "",
            "internal_domain_name_suffix": "wc3dkahtgu5upb1mraipfo3ykc.ax.internal.cloudapp.net",
            "ip_configuration": [
              {
                "name": "myipconfig-slave1",
                "primary": true,
                "private_ip_address": "192.168.100.21",
                "private_ip_address_allocation": "Static",
                "private_ip_address_version": "IPv4",
                "public_ip_address_id": "",
                "subnet_id": "/subscriptions/277d2dc0-5302-4b2e-8b19-d6ca15542447/resourceGroups/kubernetes_rg/providers/Microsoft.Network/virtualNetworks/kubernetesnet/subnets/terraformsubnet"
              }
            ],
            "location": "westeurope",
            "mac_address": "",
            "name": "vmnic-slave1",
            "private_ip_address": "192.168.100.21",
            "private_ip_addresses": [
              "192.168.100.21"
            ],
            "resource_group_name": "kubernetes_rg",
            "tags": {
              "environment": "CP2"
            },
            "timeouts": null,
            "virtual_machine_id": ""
          },
          "sensitive_attributes": [],
          "private": "eyJlMmJmYjczMC1lY2FhLTExZTYtOGY4OC0zNDM2M2JjN2M0YzAiOnsiY3JlYXRlIjoxODAwMDAwMDAwMDAwLCJkZWxldGUiOjE4MDAwMDAwMDAwMDAsInJlYWQiOjMwMDAwMDAwMDAwMCwidXBkYXRlIjoxODAwMDAwMDAwMDAwfX0=",
          "dependencies": [
            "azurerm_resource_group.rg",
            "azurerm_subnet.mySubnet",
            "azurerm_virtual_network.myNet"
          ]
        },
        {
          "index_key": 2,
          "schema_version": 0,
          "attributes": {
            "applied_dns_servers": [],
            "dns_servers": [],
            "enable_accelerated_networking": false,
            "enable_ip_forwarding": false,
            "id": "/subscriptions/277d2dc0-5302-4b2e-8b19-d6ca15542447/resourceGroups/kubernetes_rg/providers/Microsoft.Network/networkInterfaces/vmnic-slave2",
            "internal_dns_name_label": "",
            "internal_domain_name_suffix": "wc3dkahtgu5upb1mraipfo3ykc.ax.internal.cloudapp.net",
            "ip_configuration": [
              {
                "name": "myipconfig-slave2",
                "primary": true,
                "private_ip_address": "192.168.100.22",
                "private_ip_address_allocation": "Static",
                "private_ip_address_version": "IPv4",
                "public_ip_address_id": "",
                "subnet_id": "/subscriptions/277d2dc0-5302-4b2e-8b19-d6ca15542447/resourceGroups/kubernetes_rg/providers/Microsoft.Network/virtualNetworks/kubernetesnet/subnets/terraformsubnet"
              }
            ],
            "location": "westeurope",
            "mac_address": "",
            "name": "vmnic-slave2",
            "private_ip_address": "192.168.100.22",
            "private_ip_addresses": [
              "192.168.100.22"
            ],
            "resource_group_name": "kubernetes_rg",
            "tags": {
              "environment": "CP2"
            },
            "timeouts": null,
            "virtual_machine_id": ""
          },
          "sensitive_attributes": [],
          "private": "eyJlMmJmYjczMC1lY2FhLTExZTYtOGY4OC0zNDM2M2JjN2M0YzAiOnsiY3JlYXRlIjoxODAwMDAwMDAwMDAwLCJkZWxldGUiOjE4MDAwMDAwMDAwMDAsInJlYWQiOjMwMDAwMDAwMDAwMCwidXBkYXRlIjoxODAwMDAwMDAwMDAwfX0=",
          "dependencies": [
            "azurerm_resource_group.rg",
            "azurerm_subnet.mySubnet",
            "azurerm_virtual_network.myNet"
          ]
        },
        {
          "index_key": 3,
          "schema_version": 0,
          "attributes": {
            "applied_dns_servers": [],
            "dns_servers": [],
            "enable_accelerated_networking": false,
            "enable_ip_forwarding": false,
            "id": "/subscriptions/277d2dc0-5302-4b2e-8b19-d6ca15542447/resourceGroups/kubernetes_rg/providers/Microsoft.Network/networkInterfaces/vmnic-slave3",
            "internal_dns_name_label": "",
            "internal_domain_name_suffix": "wc3dkahtgu5upb1mraipfo3ykc.ax.internal.cloudapp.net",
            "ip_configuration": [
              {
                "name": "myipconfig-slave3",
                "primary": true,
                "private_ip_address": "192.168.100.23",
                "private_ip_address_allocation": "Static",
                "private_ip_address_version": "IPv4",
                "public_ip_address_id": "",
                "subnet_id": "/subscriptions/277d2dc0-5302-4b2e-8b19-d6ca15542447/resourceGroups/kubernetes_rg/providers/Microsoft.Network/virtualNetworks/kubernetesnet/subnets/terraformsubnet"
              }
            ],
            "location": "westeurope",
            "mac_address": "",
            "name": "vmnic-slave3",
            "private_ip_address": "192.168.100.23",
            "private_ip_addresses": [
              "192.168.100.23"
            ],
            "resource_group_name": "kubernetes_rg",
            "tags": {
              "environment": "CP2"
            },
            "timeouts": null,
            "virtual_machine_id": ""
          },
          "sensitive_attributes": [],
          "private": "eyJlMmJmYjczMC1lY2FhLTExZTYtOGY4OC0zNDM2M2JjN2M0YzAiOnsiY3JlYXRlIjoxODAwMDAwMDAwMDAwLCJkZWxldGUiOjE4MDAwMDAwMDAwMDAsInJlYWQiOjMwMDAwMDAwMDAwMCwidXBkYXRlIjoxODAwMDAwMDAwMDAwfX0=",
          "dependencies": [
            "azurerm_resource_group.rg",
            "azurerm_subnet.mySubnet",
            "azurerm_virtual_network.myNet"
          ]
        }
      ]
    },
    {
      "mode": "managed",
      "type": "azurerm_network_interface_security_group_association",
      "name": "mySecGroupAssociation1",
      "provider": "provider[\"registry.terraform.io/hashicorp/azurerm\"]",
      "instances": [
        {
          "index_key": 0,
          "schema_version": 0,
          "attributes": {
            "id": "/subscriptions/277d2dc0-5302-4b2e-8b19-d6ca15542447/resourceGroups/kubernetes_rg/providers/Microsoft.Network/networkInterfaces/vmnic-slave0|/subscriptions/277d2dc0-5302-4b2e-8b19-d6ca15542447/resourceGroups/kubernetes_rg/providers/Microsoft.Network/networkSecurityGroups/sshtraffic-slave0",
            "network_interface_id": "/subscriptions/277d2dc0-5302-4b2e-8b19-d6ca15542447/resourceGroups/kubernetes_rg/providers/Microsoft.Network/networkInterfaces/vmnic-slave0",
            "network_security_group_id": "/subscriptions/277d2dc0-5302-4b2e-8b19-d6ca15542447/resourceGroups/kubernetes_rg/providers/Microsoft.Network/networkSecurityGroups/sshtraffic-slave0",
            "timeouts": null
          },
          "sensitive_attributes": [],
          "private": "eyJlMmJmYjczMC1lY2FhLTExZTYtOGY4OC0zNDM2M2JjN2M0YzAiOnsiY3JlYXRlIjoxODAwMDAwMDAwMDAwLCJkZWxldGUiOjE4MDAwMDAwMDAwMDAsInJlYWQiOjMwMDAwMDAwMDAwMCwidXBkYXRlIjoxODAwMDAwMDAwMDAwfX0=",
          "dependencies": [
            "azurerm_network_interface.myNic1",
            "azurerm_network_security_group.mySecGroup",
            "azurerm_resource_group.rg",
            "azurerm_subnet.mySubnet",
            "azurerm_virtual_network.myNet"
          ]
        },
        {
          "index_key": 1,
          "schema_version": 0,
          "attributes": {
            "id": "/subscriptions/277d2dc0-5302-4b2e-8b19-d6ca15542447/resourceGroups/kubernetes_rg/providers/Microsoft.Network/networkInterfaces/vmnic-slave1|/subscriptions/277d2dc0-5302-4b2e-8b19-d6ca15542447/resourceGroups/kubernetes_rg/providers/Microsoft.Network/networkSecurityGroups/sshtraffic-slave1",
            "network_interface_id": "/subscriptions/277d2dc0-5302-4b2e-8b19-d6ca15542447/resourceGroups/kubernetes_rg/providers/Microsoft.Network/networkInterfaces/vmnic-slave1",
            "network_security_group_id": "/subscriptions/277d2dc0-5302-4b2e-8b19-d6ca15542447/resourceGroups/kubernetes_rg/providers/Microsoft.Network/networkSecurityGroups/sshtraffic-slave1",
            "timeouts": null
          },
          "sensitive_attributes": [],
          "private": "eyJlMmJmYjczMC1lY2FhLTExZTYtOGY4OC0zNDM2M2JjN2M0YzAiOnsiY3JlYXRlIjoxODAwMDAwMDAwMDAwLCJkZWxldGUiOjE4MDAwMDAwMDAwMDAsInJlYWQiOjMwMDAwMDAwMDAwMCwidXBkYXRlIjoxODAwMDAwMDAwMDAwfX0=",
          "dependencies": [
            "azurerm_network_interface.myNic1",
            "azurerm_network_security_group.mySecGroup",
            "azurerm_resource_group.rg",
            "azurerm_subnet.mySubnet",
            "azurerm_virtual_network.myNet"
          ]
        },
        {
          "index_key": 2,
          "schema_version": 0,
          "attributes": {
            "id": "/subscriptions/277d2dc0-5302-4b2e-8b19-d6ca15542447/resourceGroups/kubernetes_rg/providers/Microsoft.Network/networkInterfaces/vmnic-slave2|/subscriptions/277d2dc0-5302-4b2e-8b19-d6ca15542447/resourceGroups/kubernetes_rg/providers/Microsoft.Network/networkSecurityGroups/sshtraffic-slave2",
            "network_interface_id": "/subscriptions/277d2dc0-5302-4b2e-8b19-d6ca15542447/resourceGroups/kubernetes_rg/providers/Microsoft.Network/networkInterfaces/vmnic-slave2",
            "network_security_group_id": "/subscriptions/277d2dc0-5302-4b2e-8b19-d6ca15542447/resourceGroups/kubernetes_rg/providers/Microsoft.Network/networkSecurityGroups/sshtraffic-slave2",
            "timeouts": null
          },
          "sensitive_attributes": [],
          "private": "eyJlMmJmYjczMC1lY2FhLTExZTYtOGY4OC0zNDM2M2JjN2M0YzAiOnsiY3JlYXRlIjoxODAwMDAwMDAwMDAwLCJkZWxldGUiOjE4MDAwMDAwMDAwMDAsInJlYWQiOjMwMDAwMDAwMDAwMCwidXBkYXRlIjoxODAwMDAwMDAwMDAwfX0=",
          "dependencies": [
            "azurerm_network_interface.myNic1",
            "azurerm_network_security_group.mySecGroup",
            "azurerm_resource_group.rg",
            "azurerm_subnet.mySubnet",
            "azurerm_virtual_network.myNet"
          ]
        },
        {
          "index_key": 3,
          "schema_version": 0,
          "attributes": {
            "id": "/subscriptions/277d2dc0-5302-4b2e-8b19-d6ca15542447/resourceGroups/kubernetes_rg/providers/Microsoft.Network/networkInterfaces/vmnic-slave3|/subscriptions/277d2dc0-5302-4b2e-8b19-d6ca15542447/resourceGroups/kubernetes_rg/providers/Microsoft.Network/networkSecurityGroups/sshtraffic-slave3",
            "network_interface_id": "/subscriptions/277d2dc0-5302-4b2e-8b19-d6ca15542447/resourceGroups/kubernetes_rg/providers/Microsoft.Network/networkInterfaces/vmnic-slave3",
            "network_security_group_id": "/subscriptions/277d2dc0-5302-4b2e-8b19-d6ca15542447/resourceGroups/kubernetes_rg/providers/Microsoft.Network/networkSecurityGroups/sshtraffic-slave3",
            "timeouts": null
          },
          "sensitive_attributes": [],
          "private": "eyJlMmJmYjczMC1lY2FhLTExZTYtOGY4OC0zNDM2M2JjN2M0YzAiOnsiY3JlYXRlIjoxODAwMDAwMDAwMDAwLCJkZWxldGUiOjE4MDAwMDAwMDAwMDAsInJlYWQiOjMwMDAwMDAwMDAwMCwidXBkYXRlIjoxODAwMDAwMDAwMDAwfX0=",
          "dependencies": [
            "azurerm_network_interface.myNic1",
            "azurerm_network_security_group.mySecGroup",
            "azurerm_resource_group.rg",
            "azurerm_subnet.mySubnet",
            "azurerm_virtual_network.myNet"
          ]
        }
      ]
    },
    {
      "mode": "managed",
      "type": "azurerm_network_security_group",
      "name": "mySecGroup",
      "provider": "provider[\"registry.terraform.io/hashicorp/azurerm\"]",
      "instances": [
        {
          "index_key": 0,
          "schema_version": 0,
          "attributes": {
            "id": "/subscriptions/277d2dc0-5302-4b2e-8b19-d6ca15542447/resourceGroups/kubernetes_rg/providers/Microsoft.Network/networkSecurityGroups/sshtraffic-slave0",
            "location": "westeurope",
            "name": "sshtraffic-slave0",
            "resource_group_name": "kubernetes_rg",
            "security_rule": [
              {
                "access": "Allow",
                "description": "",
                "destination_address_prefix": "*",
                "destination_address_prefixes": [],
                "destination_application_security_group_ids": [],
                "destination_port_range": "22",
                "destination_port_ranges": [],
                "direction": "Inbound",
                "name": "SSH",
                "priority": 1001,
                "protocol": "Tcp",
                "source_address_prefix": "*",
                "source_address_prefixes": [],
                "source_application_security_group_ids": [],
                "source_port_range": "*",
                "source_port_ranges": []
              }
            ],
            "tags": {
              "environment": "CP2"
            },
            "timeouts": null
          },
          "sensitive_attributes": [],
          "private": "eyJlMmJmYjczMC1lY2FhLTExZTYtOGY4OC0zNDM2M2JjN2M0YzAiOnsiY3JlYXRlIjoxODAwMDAwMDAwMDAwLCJkZWxldGUiOjE4MDAwMDAwMDAwMDAsInJlYWQiOjMwMDAwMDAwMDAwMCwidXBkYXRlIjoxODAwMDAwMDAwMDAwfX0=",
          "dependencies": [
            "azurerm_resource_group.rg"
          ]
        },
        {
          "index_key": 1,
          "schema_version": 0,
          "attributes": {
            "id": "/subscriptions/277d2dc0-5302-4b2e-8b19-d6ca15542447/resourceGroups/kubernetes_rg/providers/Microsoft.Network/networkSecurityGroups/sshtraffic-slave1",
            "location": "westeurope",
            "name": "sshtraffic-slave1",
            "resource_group_name": "kubernetes_rg",
            "security_rule": [
              {
                "access": "Allow",
                "description": "",
                "destination_address_prefix": "*",
                "destination_address_prefixes": [],
                "destination_application_security_group_ids": [],
                "destination_port_range": "22",
                "destination_port_ranges": [],
                "direction": "Inbound",
                "name": "SSH",
                "priority": 1001,
                "protocol": "Tcp",
                "source_address_prefix": "*",
                "source_address_prefixes": [],
                "source_application_security_group_ids": [],
                "source_port_range": "*",
                "source_port_ranges": []
              }
            ],
            "tags": {
              "environment": "CP2"
            },
            "timeouts": null
          },
          "sensitive_attributes": [],
          "private": "eyJlMmJmYjczMC1lY2FhLTExZTYtOGY4OC0zNDM2M2JjN2M0YzAiOnsiY3JlYXRlIjoxODAwMDAwMDAwMDAwLCJkZWxldGUiOjE4MDAwMDAwMDAwMDAsInJlYWQiOjMwMDAwMDAwMDAwMCwidXBkYXRlIjoxODAwMDAwMDAwMDAwfX0=",
          "dependencies": [
            "azurerm_resource_group.rg"
          ]
        },
        {
          "index_key": 2,
          "schema_version": 0,
          "attributes": {
            "id": "/subscriptions/277d2dc0-5302-4b2e-8b19-d6ca15542447/resourceGroups/kubernetes_rg/providers/Microsoft.Network/networkSecurityGroups/sshtraffic-slave2",
            "location": "westeurope",
            "name": "sshtraffic-slave2",
            "resource_group_name": "kubernetes_rg",
            "security_rule": [
              {
                "access": "Allow",
                "description": "",
                "destination_address_prefix": "*",
                "destination_address_prefixes": [],
                "destination_application_security_group_ids": [],
                "destination_port_range": "22",
                "destination_port_ranges": [],
                "direction": "Inbound",
                "name": "SSH",
                "priority": 1001,
                "protocol": "Tcp",
                "source_address_prefix": "*",
                "source_address_prefixes": [],
                "source_application_security_group_ids": [],
                "source_port_range": "*",
                "source_port_ranges": []
              }
            ],
            "tags": {
              "environment": "CP2"
            },
            "timeouts": null
          },
          "sensitive_attributes": [],
          "private": "eyJlMmJmYjczMC1lY2FhLTExZTYtOGY4OC0zNDM2M2JjN2M0YzAiOnsiY3JlYXRlIjoxODAwMDAwMDAwMDAwLCJkZWxldGUiOjE4MDAwMDAwMDAwMDAsInJlYWQiOjMwMDAwMDAwMDAwMCwidXBkYXRlIjoxODAwMDAwMDAwMDAwfX0=",
          "dependencies": [
            "azurerm_resource_group.rg"
          ]
        },
        {
          "index_key": 3,
          "schema_version": 0,
          "attributes": {
            "id": "/subscriptions/277d2dc0-5302-4b2e-8b19-d6ca15542447/resourceGroups/kubernetes_rg/providers/Microsoft.Network/networkSecurityGroups/sshtraffic-slave3",
            "location": "westeurope",
            "name": "sshtraffic-slave3",
            "resource_group_name": "kubernetes_rg",
            "security_rule": [
              {
                "access": "Allow",
                "description": "",
                "destination_address_prefix": "*",
                "destination_address_prefixes": [],
                "destination_application_security_group_ids": [],
                "destination_port_range": "22",
                "destination_port_ranges": [],
                "direction": "Inbound",
                "name": "SSH",
                "priority": 1001,
                "protocol": "Tcp",
                "source_address_prefix": "*",
                "source_address_prefixes": [],
                "source_application_security_group_ids": [],
                "source_port_range": "*",
                "source_port_ranges": []
              }
            ],
            "tags": {
              "environment": "CP2"
            },
            "timeouts": null
          },
          "sensitive_attributes": [],
          "private": "eyJlMmJmYjczMC1lY2FhLTExZTYtOGY4OC0zNDM2M2JjN2M0YzAiOnsiY3JlYXRlIjoxODAwMDAwMDAwMDAwLCJkZWxldGUiOjE4MDAwMDAwMDAwMDAsInJlYWQiOjMwMDAwMDAwMDAwMCwidXBkYXRlIjoxODAwMDAwMDAwMDAwfX0=",
          "dependencies": [
            "azurerm_resource_group.rg"
          ]
        }
      ]
    },
    {
      "mode": "managed",
      "type": "azurerm_resource_group",
      "name": "rg",
      "provider": "provider[\"registry.terraform.io/hashicorp/azurerm\"]",
      "instances": [
        {
          "schema_version": 0,
          "attributes": {
            "id": "/subscriptions/277d2dc0-5302-4b2e-8b19-d6ca15542447/resourceGroups/kubernetes_rg",
            "location": "westeurope",
            "name": "kubernetes_rg",
            "tags": {
              "environment": "CP2"
            },
            "timeouts": null
          },
          "sensitive_attributes": [],
          "private": "eyJlMmJmYjczMC1lY2FhLTExZTYtOGY4OC0zNDM2M2JjN2M0YzAiOnsiY3JlYXRlIjo1NDAwMDAwMDAwMDAwLCJkZWxldGUiOjU0MDAwMDAwMDAwMDAsInJlYWQiOjMwMDAwMDAwMDAwMCwidXBkYXRlIjo1NDAwMDAwMDAwMDAwfX0="
        }
      ]
    },
    {
      "mode": "managed",
      "type": "azurerm_storage_account",
      "name": "stAccount",
      "provider": "provider[\"registry.terraform.io/hashicorp/azurerm\"]",
      "instances": [
        {
          "schema_version": 2,
          "attributes": {
            "access_tier": "Hot",
            "account_kind": "StorageV2",
            "account_replication_type": "LRS",
            "account_tier": "Standard",
            "allow_blob_public_access": false,
            "blob_properties": [],
            "custom_domain": [],
            "enable_https_traffic_only": true,
            "id": "/subscriptions/277d2dc0-5302-4b2e-8b19-d6ca15542447/resourceGroups/kubernetes_rg/providers/Microsoft.Storage/storageAccounts/staccountcp2agutierrc",
            "identity": [],
            "is_hns_enabled": false,
            "large_file_share_enabled": null,
            "location": "westeurope",
            "min_tls_version": "TLS1_0",
            "name": "staccountcp2agutierrc",
            "network_rules": [
              {
                "bypass": [
                  "AzureServices"
                ],
                "default_action": "Allow",
                "ip_rules": [],
                "virtual_network_subnet_ids": []
              }
            ],
            "primary_access_key": "Pjyht900EJu1ri1BS559cBmNRUrV3djZsTHM50+aMntJg85fmFXWGbrQcVBFG3/7Av7yk6nk6O4Fw/wSvdVRow==",
            "primary_blob_connection_string": "DefaultEndpointsProtocol=https;BlobEndpoint=https://staccountcp2agutierrc.blob.core.windows.net/;AccountName=staccountcp2agutierrc;AccountKey=Pjyht900EJu1ri1BS559cBmNRUrV3djZsTHM50+aMntJg85fmFXWGbrQcVBFG3/7Av7yk6nk6O4Fw/wSvdVRow==",
            "primary_blob_endpoint": "https://staccountcp2agutierrc.blob.core.windows.net/",
            "primary_blob_host": "staccountcp2agutierrc.blob.core.windows.net",
            "primary_connection_string": "DefaultEndpointsProtocol=https;AccountName=staccountcp2agutierrc;AccountKey=Pjyht900EJu1ri1BS559cBmNRUrV3djZsTHM50+aMntJg85fmFXWGbrQcVBFG3/7Av7yk6nk6O4Fw/wSvdVRow==;EndpointSuffix=core.windows.net",
            "primary_dfs_endpoint": "https://staccountcp2agutierrc.dfs.core.windows.net/",
            "primary_dfs_host": "staccountcp2agutierrc.dfs.core.windows.net",
            "primary_file_endpoint": "https://staccountcp2agutierrc.file.core.windows.net/",
            "primary_file_host": "staccountcp2agutierrc.file.core.windows.net",
            "primary_location": "westeurope",
            "primary_queue_endpoint": "https://staccountcp2agutierrc.queue.core.windows.net/",
            "primary_queue_host": "staccountcp2agutierrc.queue.core.windows.net",
            "primary_table_endpoint": "https://staccountcp2agutierrc.table.core.windows.net/",
            "primary_table_host": "staccountcp2agutierrc.table.core.windows.net",
            "primary_web_endpoint": "https://staccountcp2agutierrc.z6.web.core.windows.net/",
            "primary_web_host": "staccountcp2agutierrc.z6.web.core.windows.net",
            "queue_properties": [
              {
                "cors_rule": [],
                "hour_metrics": [
                  {
                    "enabled": true,
                    "include_apis": true,
                    "retention_policy_days": 7,
                    "version": "1.0"
                  }
                ],
                "logging": [
                  {
                    "delete": false,
                    "read": false,
                    "retention_policy_days": 0,
                    "version": "1.0",
                    "write": false
                  }
                ],
                "minute_metrics": [
                  {
                    "enabled": false,
                    "include_apis": false,
                    "retention_policy_days": 0,
                    "version": "1.0"
                  }
                ]
              }
            ],
            "resource_group_name": "kubernetes_rg",
            "secondary_access_key": "QUOVEvRiZ6hl3XKfbnZNYg6vLSOojkP4nziZxChG6C3G48DFXsc4kwmuvQYwvPKTkT/UcyVXNWRBy8qn66qPIQ==",
            "secondary_blob_connection_string": "",
            "secondary_blob_endpoint": null,
            "secondary_blob_host": null,
            "secondary_connection_string": "DefaultEndpointsProtocol=https;AccountName=staccountcp2agutierrc;AccountKey=QUOVEvRiZ6hl3XKfbnZNYg6vLSOojkP4nziZxChG6C3G48DFXsc4kwmuvQYwvPKTkT/UcyVXNWRBy8qn66qPIQ==;EndpointSuffix=core.windows.net",
            "secondary_dfs_endpoint": null,
            "secondary_dfs_host": null,
            "secondary_file_endpoint": null,
            "secondary_file_host": null,
            "secondary_location": "",
            "secondary_queue_endpoint": null,
            "secondary_queue_host": null,
            "secondary_table_endpoint": null,
            "secondary_table_host": null,
            "secondary_web_endpoint": null,
            "secondary_web_host": null,
            "static_website": [],
            "tags": {
              "environment": "CP2"
            },
            "timeouts": null
          },
          "sensitive_attributes": [],
          "private": "eyJlMmJmYjczMC1lY2FhLTExZTYtOGY4OC0zNDM2M2JjN2M0YzAiOnsiY3JlYXRlIjozNjAwMDAwMDAwMDAwLCJkZWxldGUiOjM2MDAwMDAwMDAwMDAsInJlYWQiOjMwMDAwMDAwMDAwMCwidXBkYXRlIjozNjAwMDAwMDAwMDAwfSwic2NoZW1hX3ZlcnNpb24iOiIyIn0=",
          "dependencies": [
            "azurerm_resource_group.rg"
          ]
        }
      ]
    },
    {
      "mode": "managed",
      "type": "azurerm_subnet",
      "name": "mySubnet",
      "provider": "provider[\"registry.terraform.io/hashicorp/azurerm\"]",
      "instances": [
        {
          "schema_version": 0,
          "attributes": {
            "address_prefix": "192.168.100.0/24",
            "address_prefixes": [
              "192.168.100.0/24"
            ],
            "delegation": [],
            "enforce_private_link_endpoint_network_policies": false,
            "enforce_private_link_service_network_policies": false,
            "id": "/subscriptions/277d2dc0-5302-4b2e-8b19-d6ca15542447/resourceGroups/kubernetes_rg/providers/Microsoft.Network/virtualNetworks/kubernetesnet/subnets/terraformsubnet",
            "name": "terraformsubnet",
            "resource_group_name": "kubernetes_rg",
            "service_endpoint_policy_ids": null,
            "service_endpoints": null,
            "timeouts": null,
            "virtual_network_name": "kubernetesnet"
          },
          "sensitive_attributes": [],
          "private": "eyJlMmJmYjczMC1lY2FhLTExZTYtOGY4OC0zNDM2M2JjN2M0YzAiOnsiY3JlYXRlIjoxODAwMDAwMDAwMDAwLCJkZWxldGUiOjE4MDAwMDAwMDAwMDAsInJlYWQiOjMwMDAwMDAwMDAwMCwidXBkYXRlIjoxODAwMDAwMDAwMDAwfX0=",
          "dependencies": [
            "azurerm_resource_group.rg",
            "azurerm_virtual_network.myNet"
          ]
        }
      ]
    },
    {
      "mode": "managed",
      "type": "azurerm_virtual_network",
      "name": "myNet",
      "provider": "provider[\"registry.terraform.io/hashicorp/azurerm\"]",
      "instances": [
        {
          "schema_version": 0,
          "attributes": {
            "address_space": [
              "192.168.0.0/16"
            ],
            "bgp_community": "",
            "ddos_protection_plan": [],
            "dns_servers": null,
            "guid": "0035bab0-35f3-473f-876c-8810f2bbb852",
            "id": "/subscriptions/277d2dc0-5302-4b2e-8b19-d6ca15542447/resourceGroups/kubernetes_rg/providers/Microsoft.Network/virtualNetworks/kubernetesnet",
            "location": "westeurope",
            "name": "kubernetesnet",
            "resource_group_name": "kubernetes_rg",
            "subnet": [],
            "tags": {
              "environment": "CP2"
            },
            "timeouts": null,
            "vm_protection_enabled": false
          },
          "sensitive_attributes": [],
          "private": "eyJlMmJmYjczMC1lY2FhLTExZTYtOGY4OC0zNDM2M2JjN2M0YzAiOnsiY3JlYXRlIjoxODAwMDAwMDAwMDAwLCJkZWxldGUiOjE4MDAwMDAwMDAwMDAsInJlYWQiOjMwMDAwMDAwMDAwMCwidXBkYXRlIjoxODAwMDAwMDAwMDAwfX0=",
          "dependencies": [
            "azurerm_resource_group.rg"
          ]
        }
      ]
    }
  ]
}
